// !$*UTF8*$!
{
	archiveVersion = 1;
	classes = {
	};
	objectVersion = 50;
	objects = {

/* Begin PBXBuildFile section */
		B18FAEA9245AE57700193D5E /* PaymentDataTableViewController.swift in Sources */ = {isa = PBXBuildFile; fileRef = B18FAEA8245AE57700193D5E /* PaymentDataTableViewController.swift */; };
		B18FAEAD245BA41D00193D5E /* PaymentMethod.swift in Sources */ = {isa = PBXBuildFile; fileRef = B18FAEAC245BA41C00193D5E /* PaymentMethod.swift */; };
		B1B11B40245A5EF100DFAEF2 /* AppDelegate.swift in Sources */ = {isa = PBXBuildFile; fileRef = B1B11B3F245A5EF100DFAEF2 /* AppDelegate.swift */; };
		B1B11B42245A5EF100DFAEF2 /* SceneDelegate.swift in Sources */ = {isa = PBXBuildFile; fileRef = B1B11B41245A5EF100DFAEF2 /* SceneDelegate.swift */; };
		B1B11B47245A5EF100DFAEF2 /* Main.storyboard in Resources */ = {isa = PBXBuildFile; fileRef = B1B11B45245A5EF100DFAEF2 /* Main.storyboard */; };
		B1B11B49245A5EF200DFAEF2 /* Assets.xcassets in Resources */ = {isa = PBXBuildFile; fileRef = B1B11B48245A5EF200DFAEF2 /* Assets.xcassets */; };
		B1B11B4C245A5EF200DFAEF2 /* LaunchScreen.storyboard in Resources */ = {isa = PBXBuildFile; fileRef = B1B11B4A245A5EF200DFAEF2 /* LaunchScreen.storyboard */; };
/* End PBXBuildFile section */

/* Begin PBXFileReference section */
		B18FAEA8245AE57700193D5E /* PaymentDataTableViewController.swift */ = {isa = PBXFileReference; lastKnownFileType = sourcecode.swift; path = PaymentDataTableViewController.swift; sourceTree = "<group>"; };
		B18FAEAC245BA41C00193D5E /* PaymentMethod.swift */ = {isa = PBXFileReference; lastKnownFileType = sourcecode.swift; path = PaymentMethod.swift; sourceTree = "<group>"; };
		B1B11B3C245A5EF100DFAEF2 /* TakeMyMoney.app */ = {isa = PBXFileReference; explicitFileType = wrapper.application; includeInIndex = 0; path = TakeMyMoney.app; sourceTree = BUILT_PRODUCTS_DIR; };
		B1B11B3F245A5EF100DFAEF2 /* AppDelegate.swift */ = {isa = PBXFileReference; lastKnownFileType = sourcecode.swift; path = AppDelegate.swift; sourceTree = "<group>"; };
		B1B11B41245A5EF100DFAEF2 /* SceneDelegate.swift */ = {isa = PBXFileReference; lastKnownFileType = sourcecode.swift; path = SceneDelegate.swift; sourceTree = "<group>"; };
		B1B11B46245A5EF100DFAEF2 /* Base */ = {isa = PBXFileReference; lastKnownFileType = file.storyboard; name = Base; path = Base.lproj/Main.storyboard; sourceTree = "<group>"; };
		B1B11B48245A5EF200DFAEF2 /* Assets.xcassets */ = {isa = PBXFileReference; lastKnownFileType = folder.assetcatalog; path = Assets.xcassets; sourceTree = "<group>"; };
		B1B11B4B245A5EF200DFAEF2 /* Base */ = {isa = PBXFileReference; lastKnownFileType = file.storyboard; name = Base; path = Base.lproj/LaunchScreen.storyboard; sourceTree = "<group>"; };
		B1B11B4D245A5EF200DFAEF2 /* Info.plist */ = {isa = PBXFileReference; lastKnownFileType = text.plist.xml; path = Info.plist; sourceTree = "<group>"; };
/* End PBXFileReference section */

/* Begin PBXFrameworksBuildPhase section */
		B1B11B39245A5EF100DFAEF2 /* Frameworks */ = {
			isa = PBXFrameworksBuildPhase;
			buildActionMask = 2147483647;
			files = (
			);
			runOnlyForDeploymentPostprocessing = 0;
		};
/* End PBXFrameworksBuildPhase section */

/* Begin PBXGroup section */
		B18FAEAA245AE57E00193D5E /* Controllers */ = {
			isa = PBXGroup;
			children = (
			);
			path = Controllers;
			sourceTree = "<group>";
		};
		B18FAEAB245BA40D00193D5E /* Models */ = {
			isa = PBXGroup;
			children = (
				B18FAEAC245BA41C00193D5E /* PaymentMethod.swift */,
			);
			path = Models;
			sourceTree = "<group>";
		};
		B1B11B33245A5EF100DFAEF2 = {
			isa = PBXGroup;
			children = (
				B1B11B3E245A5EF100DFAEF2 /* TakeMyMoney */,
				B1B11B3D245A5EF100DFAEF2 /* Products */,
			);
			sourceTree = "<group>";
		};
		B1B11B3D245A5EF100DFAEF2 /* Products */ = {
			isa = PBXGroup;
			children = (
				B1B11B3C245A5EF100DFAEF2 /* TakeMyMoney.app */,
			);
			name = Products;
			sourceTree = "<group>";
		};
		B1B11B3E245A5EF100DFAEF2 /* TakeMyMoney */ = {
			isa = PBXGroup;
			children = (
				B18FAEAB245BA40D00193D5E /* Models */,
				B18FAEAA245AE57E00193D5E /* Controllers */,
				B1B11B3F245A5EF100DFAEF2 /* AppDelegate.swift */,
				B1B11B41245A5EF100DFAEF2 /* SceneDelegate.swift */,
				B1B11B45245A5EF100DFAEF2 /* Main.storyboard */,
				B1B11B48245A5EF200DFAEF2 /* Assets.xcassets */,
				B1B11B4A245A5EF200DFAEF2 /* LaunchScreen.storyboard */,
				B1B11B4D245A5EF200DFAEF2 /* Info.plist */,
				B18FAEA8245AE57700193D5E /* PaymentDataTableViewController.swift */,
			);
			path = TakeMyMoney;
			sourceTree = "<group>";
		};
/* End PBXGroup section */

/* Begin PBXNativeTarget section */
		B1B11B3B245A5EF100DFAEF2 /* TakeMyMoney */ = {
			isa = PBXNativeTarget;
			buildConfigurationList = B1B11B50245A5EF200DFAEF2 /* Build configuration list for PBXNativeTarget "TakeMyMoney" */;
			buildPhases = (
				B1B11B38245A5EF100DFAEF2 /* Sources */,
				B1B11B39245A5EF100DFAEF2 /* Frameworks */,
				B1B11B3A245A5EF100DFAEF2 /* Resources */,
			);
			buildRules = (
			);
			dependencies = (
			);
			name = TakeMyMoney;
			productName = TakeMyMoney;
			productReference = B1B11B3C245A5EF100DFAEF2 /* TakeMyMoney.app */;
			productType = "com.apple.product-type.application";
		};
/* End PBXNativeTarget section */

/* Begin PBXProject section */
		B1B11B34245A5EF100DFAEF2 /* Project object */ = {
			isa = PBXProject;
			attributes = {
				LastSwiftUpdateCheck = 1140;
				LastUpgradeCheck = 1140;
				ORGANIZATIONNAME = AbneyAnalytics;
				TargetAttributes = {
					B1B11B3B245A5EF100DFAEF2 = {
						CreatedOnToolsVersion = 11.4.1;
					};
				};
			};
			buildConfigurationList = B1B11B37245A5EF100DFAEF2 /* Build configuration list for PBXProject "TakeMyMoney" */;
			compatibilityVersion = "Xcode 9.3";
			developmentRegion = en;
			hasScannedForEncodings = 0;
			knownRegions = (
				en,
				Base,
			);
			mainGroup = B1B11B33245A5EF100DFAEF2;
			productRefGroup = B1B11B3D245A5EF100DFAEF2 /* Products */;
			projectDirPath = "";
			projectRoot = "";
			targets = (
				B1B11B3B245A5EF100DFAEF2 /* TakeMyMoney */,
			);
		};
/* End PBXProject section */

/* Begin PBXResourcesBuildPhase section */
		B1B11B3A245A5EF100DFAEF2 /* Resources */ = {
			isa = PBXResourcesBuildPhase;
			buildActionMask = 2147483647;
			files = (
				B1B11B4C245A5EF200DFAEF2 /* LaunchScreen.storyboard in Resources */,
				B1B11B49245A5EF200DFAEF2 /* Assets.xcassets in Resources */,
				B1B11B47245A5EF100DFAEF2 /* Main.storyboard in Resources */,
			);
			runOnlyForDeploymentPostprocessing = 0;
		};
/* End PBXResourcesBuildPhase section */

/* Begin PBXSourcesBuildPhase section */
		B1B11B38245A5EF100DFAEF2 /* Sources */ = {
			isa = PBXSourcesBuildPhase;
			buildActionMask = 2147483647;
			files = (
				B1B11B40245A5EF100DFAEF2 /* AppDelegate.swift in Sources */,
				B18FAEAD245BA41D00193D5E /* PaymentMethod.swift in Sources */,
				B18FAEA9245AE57700193D5E /* PaymentDataTableViewController.swift in Sources */,
				B1B11B42245A5EF100DFAEF2 /* SceneDelegate.swift in Sources */,
			);
			runOnlyForDeploymentPostprocessing = 0;
		};
/* End PBXSourcesBuildPhase section */

/* Begin PBXVariantGroup section */
		B1B11B45245A5EF100DFAEF2 /* Main.storyboard */ = {
			isa = PBXVariantGroup;
			children = (
				B1B11B46245A5EF100DFAEF2 /* Base */,
			);
			name = Main.storyboard;
			sourceTree = "<group>";
		};
		B1B11B4A245A5EF200DFAEF2 /* LaunchScreen.storyboard */ = {
			isa = PBXVariantGroup;
			children = (
				B1B11B4B245A5EF200DFAEF2 /* Base */,
			);
			name = LaunchScreen.storyboard;
			sourceTree = "<group>";
		};
/* End PBXVariantGroup section */

/* Begin XCBuildConfiguration section */
		B1B11B4E245A5EF200DFAEF2 /* Debug */ = {
			isa = XCBuildConfiguration;
			buildSettings = {
				ALWAYS_SEARCH_USER_PATHS = NO;
				CLANG_ANALYZER_NONNULL = YES;
				CLANG_ANALYZER_NUMBER_OBJECT_CONVERSION = YES_AGGRESSIVE;
				CLANG_CXX_LANGUAGE_STANDARD = "gnu++14";
				CLANG_CXX_LIBRARY = "libc++";
				CLANG_ENABLE_MODULES = YES;
				CLANG_ENABLE_OBJC_ARC = YES;
				CLANG_ENABLE_OBJC_WEAK = YES;
				CLANG_WARN_BLOCK_CAPTURE_AUTORELEASING = YES;
				CLANG_WARN_BOOL_CONVERSION = YES;
				CLANG_WARN_COMMA = YES;
				CLANG_WARN_CONSTANT_CONVERSION = YES;
				CLANG_WARN_DEPRECATED_OBJC_IMPLEMENTATIONS = YES;
				CLANG_WARN_DIRECT_OBJC_ISA_USAGE = YES_ERROR;
				CLANG_WARN_DOCUMENTATION_COMMENTS = YES;
				CLANG_WARN_EMPTY_BODY = YES;
				CLANG_WARN_ENUM_CONVERSION = YES;
				CLANG_WARN_INFINITE_RECURSION = YES;
				CLANG_WARN_INT_CONVERSION = YES;
				CLANG_WARN_NON_LITERAL_NULL_CONVERSION = YES;
				CLANG_WARN_OBJC_IMPLICIT_RETAIN_SELF = YES;
				CLANG_WARN_OBJC_LITERAL_CONVERSION = YES;
				CLANG_WARN_OBJC_ROOT_CLASS = YES_ERROR;
				CLANG_WARN_RANGE_LOOP_ANALYSIS = YES;
				CLANG_WARN_STRICT_PROTOTYPES = YES;
				CLANG_WARN_SUSPICIOUS_MOVE = YES;
				CLANG_WARN_UNGUARDED_AVAILABILITY = YES_AGGRESSIVE;
				CLANG_WARN_UNREACHABLE_CODE = YES;
				CLANG_WARN__DUPLICATE_METHOD_MATCH = YES;
				COPY_PHASE_STRIP = NO;
				DEBUG_INFORMATION_FORMAT = dwarf;
				ENABLE_STRICT_OBJC_MSGSEND = YES;
				ENABLE_TESTABILITY = YES;
				GCC_C_LANGUAGE_STANDARD = gnu11;
				GCC_DYNAMIC_NO_PIC = NO;
				GCC_NO_COMMON_BLOCKS = YES;
				GCC_OPTIMIZATION_LEVEL = 0;
				GCC_PREPROCESSOR_DEFINITIONS = (
					"DEBUG=1",
					"$(inherited)",
				);
				GCC_WARN_64_TO_32_BIT_CONVERSION = YES;
				GCC_WARN_ABOUT_RETURN_TYPE = YES_ERROR;
				GCC_WARN_UNDECLARED_SELECTOR = YES;
				GCC_WARN_UNINITIALIZED_AUTOS = YES_AGGRESSIVE;
				GCC_WARN_UNUSED_FUNCTION = YES;
				GCC_WARN_UNUSED_VARIABLE = YES;
				IPHONEOS_DEPLOYMENT_TARGET = 13.4;
				MTL_ENABLE_DEBUG_INFO = INCLUDE_SOURCE;
				MTL_FAST_MATH = YES;
				ONLY_ACTIVE_ARCH = YES;
				SDKROOT = iphoneos;
				SWIFT_ACTIVE_COMPILATION_CONDITIONS = DEBUG;
				SWIFT_OPTIMIZATION_LEVEL = "-Onone";
			};
			name = Debug;
		};
		B1B11B4F245A5EF200DFAEF2 /* Release */ = {
			isa = XCBuildConfiguration;
			buildSettings = {
				ALWAYS_SEARCH_USER_PATHS = NO;
				CLANG_ANALYZER_NONNULL = YES;
				CLANG_ANALYZER_NUMBER_OBJECT_CONVERSION = YES_AGGRESSIVE;
				CLANG_CXX_LANGUAGE_STANDARD = "gnu++14";
				CLANG_CXX_LIBRARY = "libc++";
				CLANG_ENABLE_MODULES = YES;
				CLANG_ENABLE_OBJC_ARC = YES;
				CLANG_ENABLE_OBJC_WEAK = YES;
				CLANG_WARN_BLOCK_CAPTURE_AUTORELEASING = YES;
				CLANG_WARN_BOOL_CONVERSION = YES;
				CLANG_WARN_COMMA = YES;
				CLANG_WARN_CONSTANT_CONVERSION = YES;
				CLANG_WARN_DEPRECATED_OBJC_IMPLEMENTATIONS = YES;
				CLANG_WARN_DIRECT_OBJC_ISA_USAGE = YES_ERROR;
				CLANG_WARN_DOCUMENTATION_COMMENTS = YES;
				CLANG_WARN_EMPTY_BODY = YES;
				CLANG_WARN_ENUM_CONVERSION = YES;
				CLANG_WARN_INFINITE_RECURSION = YES;
				CLANG_WARN_INT_CONVERSION = YES;
				CLANG_WARN_NON_LITERAL_NULL_CONVERSION = YES;
				CLANG_WARN_OBJC_IMPLICIT_RETAIN_SELF = YES;
				CLANG_WARN_OBJC_LITERAL_CONVERSION = YES;
				CLANG_WARN_OBJC_ROOT_CLASS = YES_ERROR;
				CLANG_WARN_RANGE_LOOP_ANALYSIS = YES;
				CLANG_WARN_STRICT_PROTOTYPES = YES;
				CLANG_WARN_SUSPICIOUS_MOVE = YES;
				CLANG_WARN_UNGUARDED_AVAILABILITY = YES_AGGRESSIVE;
				CLANG_WARN_UNREACHABLE_CODE = YES;
				CLANG_WARN__DUPLICATE_METHOD_MATCH = YES;
				COPY_PHASE_STRIP = NO;
				DEBUG_INFORMATION_FORMAT = "dwarf-with-dsym";
				ENABLE_NS_ASSERTIONS = NO;
				ENABLE_STRICT_OBJC_MSGSEND = YES;
				GCC_C_LANGUAGE_STANDARD = gnu11;
				GCC_NO_COMMON_BLOCKS = YES;
				GCC_WARN_64_TO_32_BIT_CONVERSION = YES;
				GCC_WARN_ABOUT_RETURN_TYPE = YES_ERROR;
				GCC_WARN_UNDECLARED_SELECTOR = YES;
				GCC_WARN_UNINITIALIZED_AUTOS = YES_AGGRESSIVE;
				GCC_WARN_UNUSED_FUNCTION = YES;
				GCC_WARN_UNUSED_VARIABLE = YES;
				IPHONEOS_DEPLOYMENT_TARGET = 13.4;
				MTL_ENABLE_DEBUG_INFO = NO;
				MTL_FAST_MATH = YES;
				SDKROOT = iphoneos;
				SWIFT_COMPILATION_MODE = wholemodule;
				SWIFT_OPTIMIZATION_LEVEL = "-O";
				VALIDATE_PRODUCT = YES;
			};
			name = Release;
		};
		B1B11B51245A5EF200DFAEF2 /* Debug */ = {
			isa = XCBuildConfiguration;
			buildSettings = {
				ASSETCATALOG_COMPILER_APPICON_NAME = AppIcon;
				CODE_SIGN_STYLE = Automatic;
				DEVELOPMENT_TEAM = W7ULA4X9L6;
				INFOPLIST_FILE = TakeMyMoney/Info.plist;
				LD_RUNPATH_SEARCH_PATHS = (
					"$(inherited)",
					"@executable_path/Frameworks",
				);
				PRODUCT_BUNDLE_IDENTIFIER = com.abneyanalytics.TakeMyMoney;
				PRODUCT_NAME = "$(TARGET_NAME)";
				SWIFT_VERSION = 5.0;
				TARGETED_DEVICE_FAMILY = "1,2";
			};
			name = Debug;
		};
		B1B11B52245A5EF200DFAEF2 /* Release */ = {
			isa = XCBuildConfiguration;
			buildSettings = {
				ASSETCATALOG_COMPILER_APPICON_NAME = AppIcon;
				CODE_SIGN_STYLE = Automatic;
				DEVELOPMENT_TEAM = W7ULA4X9L6;
				INFOPLIST_FILE = TakeMyMoney/Info.plist;
				LD_RUNPATH_SEARCH_PATHS = (
					"$(inherited)",
					"@executable_path/Frameworks",
				);
				PRODUCT_BUNDLE_IDENTIFIER = com.abneyanalytics.TakeMyMoney;
				PRODUCT_NAME = "$(TARGET_NAME)";
				SWIFT_VERSION = 5.0;
				TARGETED_DEVICE_FAMILY = "1,2";
			};
			name = Release;
		};
/* End XCBuildConfiguration section */

/* Begin XCConfigurationList section */
		B1B11B37245A5EF100DFAEF2 /* Build configuration list for PBXProject "TakeMyMoney" */ = {
			isa = XCConfigurationList;
			buildConfigurations = (
				B1B11B4E245A5EF200DFAEF2 /* Debug */,
				B1B11B4F245A5EF200DFAEF2 /* Release */,
			);
			defaultConfigurationIsVisible = 0;
			defaultConfigurationName = Release;
		};
		B1B11B50245A5EF200DFAEF2 /* Build configuration list for PBXNativeTarget "TakeMyMoney" */ = {
			isa = XCConfigurationList;
			buildConfigurations = (
				B1B11B51245A5EF200DFAEF2 /* Debug */,
				B1B11B52245A5EF200DFAEF2 /* Release */,
			);
			defaultConfigurationIsVisible = 0;
			defaultConfigurationName = Release;
		};
/* End XCConfigurationList section */
	};
	rootObject = B1B11B34245A5EF100DFAEF2 /* Project object */;
}
